// !$*UTF8*$!
{
	archiveVersion = 1;
	classes = {
	};
	objectVersion = 50;
	objects = {

/* Begin PBXBuildFile section */
		CA2D59032396D7C40065A6B7 /* AppDelegate.swift in Sources */ = {isa = PBXBuildFile; fileRef = CA2D59022396D7C40065A6B7 /* AppDelegate.swift */; };
		CA2D59072396D7C40065A6B7 /* AnimalsViewController.swift in Sources */ = {isa = PBXBuildFile; fileRef = CA2D59062396D7C40065A6B7 /* AnimalsViewController.swift */; };
		CA2D590C2396D7C50065A6B7 /* Assets.xcassets in Resources */ = {isa = PBXBuildFile; fileRef = CA2D590B2396D7C50065A6B7 /* Assets.xcassets */; };
		CA2D590F2396D7C50065A6B7 /* LaunchScreen.storyboard in Resources */ = {isa = PBXBuildFile; fileRef = CA2D590D2396D7C50065A6B7 /* LaunchScreen.storyboard */; };
		CA2D591A2396DAF20065A6B7 /* TabBarViewController.swift in Sources */ = {isa = PBXBuildFile; fileRef = CA2D59192396DAF20065A6B7 /* TabBarViewController.swift */; };
		CA2D591C2396DDDC0065A6B7 /* HomeViewController.swift in Sources */ = {isa = PBXBuildFile; fileRef = CA2D591B2396DDDC0065A6B7 /* HomeViewController.swift */; };
		CA2D591E2396E0710065A6B7 /*  FavoritesViewController.swift in Sources */ = {isa = PBXBuildFile; fileRef = CA2D591D2396E0710065A6B7 /*  FavoritesViewController.swift */; };
		CA2D59242396E5080065A6B7 /* AnimalsCollectionCell.swift in Sources */ = {isa = PBXBuildFile; fileRef = CA2D59232396E5080065A6B7 /* AnimalsCollectionCell.swift */; };
		CAFFC977239CF936008B4C5B /* AnimalModel.swift in Sources */ = {isa = PBXBuildFile; fileRef = CAFFC976239CF936008B4C5B /* AnimalModel.swift */; };
		CAFFC97B239D1063008B4C5B /* AnimalsPresenter.swift in Sources */ = {isa = PBXBuildFile; fileRef = CAFFC97A239D1063008B4C5B /* AnimalsPresenter.swift */; };
		CAFFC97D239D126A008B4C5B /* AnimalsRepository.swift in Sources */ = {isa = PBXBuildFile; fileRef = CAFFC97C239D126A008B4C5B /* AnimalsRepository.swift */; };
		CAFFC985239D4AD7008B4C5B /* AnimalImageView.swift in Sources */ = {isa = PBXBuildFile; fileRef = CAFFC984239D4AD7008B4C5B /* AnimalImageView.swift */; };
		CAFFC989239D5889008B4C5B /* SegmentedControl.swift in Sources */ = {isa = PBXBuildFile; fileRef = CAFFC988239D5889008B4C5B /* SegmentedControl.swift */; };
		CAFFC98D239D6CE7008B4C5B /* State.swift in Sources */ = {isa = PBXBuildFile; fileRef = CAFFC98C239D6CE7008B4C5B /* State.swift */; };
/* End PBXBuildFile section */

/* Begin PBXFileReference section */
		CA2D58FF2396D7C40065A6B7 /* CustomCollectionLayout.app */ = {isa = PBXFileReference; explicitFileType = wrapper.application; includeInIndex = 0; path = CustomCollectionLayout.app; sourceTree = BUILT_PRODUCTS_DIR; };
		CA2D59022396D7C40065A6B7 /* AppDelegate.swift */ = {isa = PBXFileReference; lastKnownFileType = sourcecode.swift; path = AppDelegate.swift; sourceTree = "<group>"; };
		CA2D59062396D7C40065A6B7 /* AnimalsViewController.swift */ = {isa = PBXFileReference; lastKnownFileType = sourcecode.swift; path = AnimalsViewController.swift; sourceTree = "<group>"; };
		CA2D590B2396D7C50065A6B7 /* Assets.xcassets */ = {isa = PBXFileReference; lastKnownFileType = folder.assetcatalog; path = Assets.xcassets; sourceTree = "<group>"; };
		CA2D590E2396D7C50065A6B7 /* Base */ = {isa = PBXFileReference; lastKnownFileType = file.storyboard; name = Base; path = Base.lproj/LaunchScreen.storyboard; sourceTree = "<group>"; };
		CA2D59102396D7C50065A6B7 /* Info.plist */ = {isa = PBXFileReference; lastKnownFileType = text.plist.xml; path = Info.plist; sourceTree = "<group>"; };
		CA2D59192396DAF20065A6B7 /* TabBarViewController.swift */ = {isa = PBXFileReference; lastKnownFileType = sourcecode.swift; path = TabBarViewController.swift; sourceTree = "<group>"; };
		CA2D591B2396DDDC0065A6B7 /* HomeViewController.swift */ = {isa = PBXFileReference; lastKnownFileType = sourcecode.swift; path = HomeViewController.swift; sourceTree = "<group>"; };
		CA2D591D2396E0710065A6B7 /*  FavoritesViewController.swift */ = {isa = PBXFileReference; lastKnownFileType = sourcecode.swift; path = " FavoritesViewController.swift"; sourceTree = "<group>"; };
		CA2D59232396E5080065A6B7 /* AnimalsCollectionCell.swift */ = {isa = PBXFileReference; lastKnownFileType = sourcecode.swift; path = AnimalsCollectionCell.swift; sourceTree = "<group>"; };
		CAFFC972239CF379008B4C5B /* SnapKit.framework */ = {isa = PBXFileReference; lastKnownFileType = wrapper.framework; name = SnapKit.framework; path = Carthage/Build/iOS/SnapKit.framework; sourceTree = "<group>"; };
		CAFFC976239CF936008B4C5B /* AnimalModel.swift */ = {isa = PBXFileReference; lastKnownFileType = sourcecode.swift; path = AnimalModel.swift; sourceTree = "<group>"; };
		CAFFC97A239D1063008B4C5B /* AnimalsPresenter.swift */ = {isa = PBXFileReference; lastKnownFileType = sourcecode.swift; path = AnimalsPresenter.swift; sourceTree = "<group>"; };
		CAFFC97C239D126A008B4C5B /* AnimalsRepository.swift */ = {isa = PBXFileReference; lastKnownFileType = sourcecode.swift; path = AnimalsRepository.swift; sourceTree = "<group>"; };
		CAFFC984239D4AD7008B4C5B /* AnimalImageView.swift */ = {isa = PBXFileReference; lastKnownFileType = sourcecode.swift; path = AnimalImageView.swift; sourceTree = "<group>"; };
		CAFFC988239D5889008B4C5B /* SegmentedControl.swift */ = {isa = PBXFileReference; lastKnownFileType = sourcecode.swift; path = SegmentedControl.swift; sourceTree = "<group>"; };
		CAFFC98C239D6CE7008B4C5B /* State.swift */ = {isa = PBXFileReference; lastKnownFileType = sourcecode.swift; path = State.swift; sourceTree = "<group>"; };
/* End PBXFileReference section */

/* Begin PBXFrameworksBuildPhase section */
		CA2D58FC2396D7C40065A6B7 /* Frameworks */ = {
			isa = PBXFrameworksBuildPhase;
			buildActionMask = 2147483647;
			files = (
			);
			runOnlyForDeploymentPostprocessing = 0;
		};
/* End PBXFrameworksBuildPhase section */

/* Begin PBXGroup section */
		CA2D58F62396D7C30065A6B7 = {
			isa = PBXGroup;
			children = (
				CA2D59012396D7C40065A6B7 /* CustomCollectionLayout */,
				CA2D59002396D7C40065A6B7 /* Products */,
				CAFFC971239CF379008B4C5B /* Frameworks */,
			);
			sourceTree = "<group>";
		};
		CA2D59002396D7C40065A6B7 /* Products */ = {
			isa = PBXGroup;
			children = (
				CA2D58FF2396D7C40065A6B7 /* CustomCollectionLayout.app */,
			);
			name = Products;
			sourceTree = "<group>";
		};
		CA2D59012396D7C40065A6B7 /* CustomCollectionLayout */ = {
			isa = PBXGroup;
			children = (
				CA2D59172396D9870065A6B7 /* Application */,
				CA2D59182396DA260065A6B7 /* Module */,
				CA2D59162396D8410065A6B7 /* SupportingFiles */,
				CAFFC98B239D680C008B4C5B /* Models */,
			);
			path = CustomCollectionLayout;
			sourceTree = "<group>";
		};
		CA2D59162396D8410065A6B7 /* SupportingFiles */ = {
			isa = PBXGroup;
			children = (
				CA2D590B2396D7C50065A6B7 /* Assets.xcassets */,
				CA2D590D2396D7C50065A6B7 /* LaunchScreen.storyboard */,
				CA2D59102396D7C50065A6B7 /* Info.plist */,
			);
			path = SupportingFiles;
			sourceTree = "<group>";
		};
		CA2D59172396D9870065A6B7 /* Application */ = {
			isa = PBXGroup;
			children = (
				CA2D59022396D7C40065A6B7 /* AppDelegate.swift */,
			);
			path = Application;
			sourceTree = "<group>";
		};
		CA2D59182396DA260065A6B7 /* Module */ = {
			isa = PBXGroup;
			children = (
				CAFFC990239D8BE3008B4C5B /* BusinessLogic */,
				CAFFC98A239D655F008B4C5B /* Views */,
				CA2D59222396E4D00065A6B7 /* Animals */,
				CA2D591F2396E4B10065A6B7 /* TabBar */,
				CA2D59212396E4C90065A6B7 /* Home */,
				CA2D59202396E4C20065A6B7 /* Favorites */,
			);
			path = Module;
			sourceTree = "<group>";
		};
		CA2D591F2396E4B10065A6B7 /* TabBar */ = {
			isa = PBXGroup;
			children = (
				CA2D59192396DAF20065A6B7 /* TabBarViewController.swift */,
			);
			path = TabBar;
			sourceTree = "<group>";
		};
		CA2D59202396E4C20065A6B7 /* Favorites */ = {
			isa = PBXGroup;
			children = (
				CA2D591D2396E0710065A6B7 /*  FavoritesViewController.swift */,
			);
			path = Favorites;
			sourceTree = "<group>";
		};
		CA2D59212396E4C90065A6B7 /* Home */ = {
			isa = PBXGroup;
			children = (
				CA2D591B2396DDDC0065A6B7 /* HomeViewController.swift */,
			);
			path = Home;
			sourceTree = "<group>";
		};
		CA2D59222396E4D00065A6B7 /* Animals */ = {
			isa = PBXGroup;
			children = (
				CA2D59062396D7C40065A6B7 /* AnimalsViewController.swift */,
				CA2D59232396E5080065A6B7 /* AnimalsCollectionCell.swift */,
				CAFFC97A239D1063008B4C5B /* AnimalsPresenter.swift */,
			);
			path = Animals;
			sourceTree = "<group>";
		};
		CAFFC971239CF379008B4C5B /* Frameworks */ = {
			isa = PBXGroup;
			children = (
				CAFFC972239CF379008B4C5B /* SnapKit.framework */,
			);
			name = Frameworks;
			sourceTree = "<group>";
		};
		CAFFC98A239D655F008B4C5B /* Views */ = {
			isa = PBXGroup;
			children = (
				CAFFC984239D4AD7008B4C5B /* AnimalImageView.swift */,
				CAFFC988239D5889008B4C5B /* SegmentedControl.swift */,
			);
			path = Views;
			sourceTree = "<group>";
		};
		CAFFC98B239D680C008B4C5B /* Models */ = {
			isa = PBXGroup;
			children = (
				CAFFC98C239D6CE7008B4C5B /* State.swift */,
				CAFFC976239CF936008B4C5B /* AnimalModel.swift */,
			);
			path = Models;
			sourceTree = "<group>";
		};
		CAFFC990239D8BE3008B4C5B /* BusinessLogic */ = {
			isa = PBXGroup;
			children = (
				CAFFC97C239D126A008B4C5B /* AnimalsRepository.swift */,
			);
			path = BusinessLogic;
			sourceTree = "<group>";
		};
/* End PBXGroup section */

/* Begin PBXNativeTarget section */
		CA2D58FE2396D7C40065A6B7 /* CustomCollectionLayout */ = {
			isa = PBXNativeTarget;
			buildConfigurationList = CA2D59132396D7C50065A6B7 /* Build configuration list for PBXNativeTarget "CustomCollectionLayout" */;
			buildPhases = (
				CA2D58FB2396D7C40065A6B7 /* Sources */,
				CA2D58FC2396D7C40065A6B7 /* Frameworks */,
				CA2D58FD2396D7C40065A6B7 /* Resources */,
			);
			buildRules = (
			);
			dependencies = (
			);
			name = CustomCollectionLayout;
			productName = CustomCollectionLayout;
			productReference = CA2D58FF2396D7C40065A6B7 /* CustomCollectionLayout.app */;
			productType = "com.apple.product-type.application";
		};
/* End PBXNativeTarget section */

/* Begin PBXProject section */
		CA2D58F72396D7C40065A6B7 /* Project object */ = {
			isa = PBXProject;
			attributes = {
				LastSwiftUpdateCheck = 1120;
				LastUpgradeCheck = 1120;
				ORGANIZATIONNAME = "Orlov Artem";
				TargetAttributes = {
					CA2D58FE2396D7C40065A6B7 = {
						CreatedOnToolsVersion = 11.2.1;
					};
				};
			};
			buildConfigurationList = CA2D58FA2396D7C40065A6B7 /* Build configuration list for PBXProject "CustomCollectionLayout" */;
			compatibilityVersion = "Xcode 9.3";
			developmentRegion = en;
			hasScannedForEncodings = 0;
			knownRegions = (
				en,
				Base,
			);
			mainGroup = CA2D58F62396D7C30065A6B7;
			productRefGroup = CA2D59002396D7C40065A6B7 /* Products */;
			projectDirPath = "";
			projectRoot = "";
			targets = (
				CA2D58FE2396D7C40065A6B7 /* CustomCollectionLayout */,
			);
		};
/* End PBXProject section */

/* Begin PBXResourcesBuildPhase section */
		CA2D58FD2396D7C40065A6B7 /* Resources */ = {
			isa = PBXResourcesBuildPhase;
			buildActionMask = 2147483647;
			files = (
				CA2D590F2396D7C50065A6B7 /* LaunchScreen.storyboard in Resources */,
				CA2D590C2396D7C50065A6B7 /* Assets.xcassets in Resources */,
			);
			runOnlyForDeploymentPostprocessing = 0;
		};
/* End PBXResourcesBuildPhase section */

/* Begin PBXSourcesBuildPhase section */
		CA2D58FB2396D7C40065A6B7 /* Sources */ = {
			isa = PBXSourcesBuildPhase;
			buildActionMask = 2147483647;
			files = (
				CA2D591E2396E0710065A6B7 /*  FavoritesViewController.swift in Sources */,
				CAFFC985239D4AD7008B4C5B /* AnimalImageView.swift in Sources */,
				CAFFC989239D5889008B4C5B /* SegmentedControl.swift in Sources */,
				CAFFC977239CF936008B4C5B /* AnimalModel.swift in Sources */,
				CA2D59242396E5080065A6B7 /* AnimalsCollectionCell.swift in Sources */,
				CA2D59072396D7C40065A6B7 /* AnimalsViewController.swift in Sources */,
				CA2D591A2396DAF20065A6B7 /* TabBarViewController.swift in Sources */,
				CAFFC97B239D1063008B4C5B /* AnimalsPresenter.swift in Sources */,
				CAFFC97D239D126A008B4C5B /* AnimalsRepository.swift in Sources */,
				CA2D59032396D7C40065A6B7 /* AppDelegate.swift in Sources */,
				CA2D591C2396DDDC0065A6B7 /* HomeViewController.swift in Sources */,
				CAFFC98D239D6CE7008B4C5B /* State.swift in Sources */,
			);
			runOnlyForDeploymentPostprocessing = 0;
		};
/* End PBXSourcesBuildPhase section */

/* Begin PBXVariantGroup section */
		CA2D590D2396D7C50065A6B7 /* LaunchScreen.storyboard */ = {
			isa = PBXVariantGroup;
			children = (
				CA2D590E2396D7C50065A6B7 /* Base */,
			);
			name = LaunchScreen.storyboard;
			sourceTree = "<group>";
		};
/* End PBXVariantGroup section */

/* Begin XCBuildConfiguration section */
		CA2D59112396D7C50065A6B7 /* Debug */ = {
			isa = XCBuildConfiguration;
			buildSettings = {
				ALWAYS_SEARCH_USER_PATHS = NO;
				CLANG_ANALYZER_NONNULL = YES;
				CLANG_ANALYZER_NUMBER_OBJECT_CONVERSION = YES_AGGRESSIVE;
				CLANG_CXX_LANGUAGE_STANDARD = "gnu++14";
				CLANG_CXX_LIBRARY = "libc++";
				CLANG_ENABLE_MODULES = YES;
				CLANG_ENABLE_OBJC_ARC = YES;
				CLANG_ENABLE_OBJC_WEAK = YES;
				CLANG_WARN_BLOCK_CAPTURE_AUTORELEASING = YES;
				CLANG_WARN_BOOL_CONVERSION = YES;
				CLANG_WARN_COMMA = YES;
				CLANG_WARN_CONSTANT_CONVERSION = YES;
				CLANG_WARN_DEPRECATED_OBJC_IMPLEMENTATIONS = YES;
				CLANG_WARN_DIRECT_OBJC_ISA_USAGE = YES_ERROR;
				CLANG_WARN_DOCUMENTATION_COMMENTS = YES;
				CLANG_WARN_EMPTY_BODY = YES;
				CLANG_WARN_ENUM_CONVERSION = YES;
				CLANG_WARN_INFINITE_RECURSION = YES;
				CLANG_WARN_INT_CONVERSION = YES;
				CLANG_WARN_NON_LITERAL_NULL_CONVERSION = YES;
				CLANG_WARN_OBJC_IMPLICIT_RETAIN_SELF = YES;
				CLANG_WARN_OBJC_LITERAL_CONVERSION = YES;
				CLANG_WARN_OBJC_ROOT_CLASS = YES_ERROR;
				CLANG_WARN_RANGE_LOOP_ANALYSIS = YES;
				CLANG_WARN_STRICT_PROTOTYPES = YES;
				CLANG_WARN_SUSPICIOUS_MOVE = YES;
				CLANG_WARN_UNGUARDED_AVAILABILITY = YES_AGGRESSIVE;
				CLANG_WARN_UNREACHABLE_CODE = YES;
				CLANG_WARN__DUPLICATE_METHOD_MATCH = YES;
				COPY_PHASE_STRIP = NO;
				DEBUG_INFORMATION_FORMAT = dwarf;
				ENABLE_STRICT_OBJC_MSGSEND = YES;
				ENABLE_TESTABILITY = YES;
				GCC_C_LANGUAGE_STANDARD = gnu11;
				GCC_DYNAMIC_NO_PIC = NO;
				GCC_NO_COMMON_BLOCKS = YES;
				GCC_OPTIMIZATION_LEVEL = 0;
				GCC_PREPROCESSOR_DEFINITIONS = (
					"DEBUG=1",
					"$(inherited)",
				);
				GCC_WARN_64_TO_32_BIT_CONVERSION = YES;
				GCC_WARN_ABOUT_RETURN_TYPE = YES_ERROR;
				GCC_WARN_UNDECLARED_SELECTOR = YES;
				GCC_WARN_UNINITIALIZED_AUTOS = YES_AGGRESSIVE;
				GCC_WARN_UNUSED_FUNCTION = YES;
				GCC_WARN_UNUSED_VARIABLE = YES;
				IPHONEOS_DEPLOYMENT_TARGET = 13.2;
				MTL_ENABLE_DEBUG_INFO = INCLUDE_SOURCE;
				MTL_FAST_MATH = YES;
				ONLY_ACTIVE_ARCH = YES;
				SDKROOT = iphoneos;
				SWIFT_ACTIVE_COMPILATION_CONDITIONS = DEBUG;
				SWIFT_OPTIMIZATION_LEVEL = "-Onone";
			};
			name = Debug;
		};
		CA2D59122396D7C50065A6B7 /* Release */ = {
			isa = XCBuildConfiguration;
			buildSettings = {
				ALWAYS_SEARCH_USER_PATHS = NO;
				CLANG_ANALYZER_NONNULL = YES;
				CLANG_ANALYZER_NUMBER_OBJECT_CONVERSION = YES_AGGRESSIVE;
				CLANG_CXX_LANGUAGE_STANDARD = "gnu++14";
				CLANG_CXX_LIBRARY = "libc++";
				CLANG_ENABLE_MODULES = YES;
				CLANG_ENABLE_OBJC_ARC = YES;
				CLANG_ENABLE_OBJC_WEAK = YES;
				CLANG_WARN_BLOCK_CAPTURE_AUTORELEASING = YES;
				CLANG_WARN_BOOL_CONVERSION = YES;
				CLANG_WARN_COMMA = YES;
				CLANG_WARN_CONSTANT_CONVERSION = YES;
				CLANG_WARN_DEPRECATED_OBJC_IMPLEMENTATIONS = YES;
				CLANG_WARN_DIRECT_OBJC_ISA_USAGE = YES_ERROR;
				CLANG_WARN_DOCUMENTATION_COMMENTS = YES;
				CLANG_WARN_EMPTY_BODY = YES;
				CLANG_WARN_ENUM_CONVERSION = YES;
				CLANG_WARN_INFINITE_RECURSION = YES;
				CLANG_WARN_INT_CONVERSION = YES;
				CLANG_WARN_NON_LITERAL_NULL_CONVERSION = YES;
				CLANG_WARN_OBJC_IMPLICIT_RETAIN_SELF = YES;
				CLANG_WARN_OBJC_LITERAL_CONVERSION = YES;
				CLANG_WARN_OBJC_ROOT_CLASS = YES_ERROR;
				CLANG_WARN_RANGE_LOOP_ANALYSIS = YES;
				CLANG_WARN_STRICT_PROTOTYPES = YES;
				CLANG_WARN_SUSPICIOUS_MOVE = YES;
				CLANG_WARN_UNGUARDED_AVAILABILITY = YES_AGGRESSIVE;
				CLANG_WARN_UNREACHABLE_CODE = YES;
				CLANG_WARN__DUPLICATE_METHOD_MATCH = YES;
				COPY_PHASE_STRIP = NO;
				DEBUG_INFORMATION_FORMAT = "dwarf-with-dsym";
				ENABLE_NS_ASSERTIONS = NO;
				ENABLE_STRICT_OBJC_MSGSEND = YES;
				GCC_C_LANGUAGE_STANDARD = gnu11;
				GCC_NO_COMMON_BLOCKS = YES;
				GCC_WARN_64_TO_32_BIT_CONVERSION = YES;
				GCC_WARN_ABOUT_RETURN_TYPE = YES_ERROR;
				GCC_WARN_UNDECLARED_SELECTOR = YES;
				GCC_WARN_UNINITIALIZED_AUTOS = YES_AGGRESSIVE;
				GCC_WARN_UNUSED_FUNCTION = YES;
				GCC_WARN_UNUSED_VARIABLE = YES;
				IPHONEOS_DEPLOYMENT_TARGET = 13.2;
				MTL_ENABLE_DEBUG_INFO = NO;
				MTL_FAST_MATH = YES;
				SDKROOT = iphoneos;
				SWIFT_COMPILATION_MODE = wholemodule;
				SWIFT_OPTIMIZATION_LEVEL = "-O";
				VALIDATE_PRODUCT = YES;
			};
			name = Release;
		};
		CA2D59142396D7C50065A6B7 /* Debug */ = {
			isa = XCBuildConfiguration;
			buildSettings = {
				ASSETCATALOG_COMPILER_APPICON_NAME = AppIcon;
				CODE_SIGN_STYLE = Automatic;
				DEVELOPMENT_TEAM = 8TTR7A9Y64;
				FRAMEWORK_SEARCH_PATHS = (
					"$(inherited)",
					"$(PROJECT_DIR)/Carthage/Build/iOS",
				);
				INFOPLIST_FILE = CustomCollectionLayout/SupportingFiles/Info.plist;
				IPHONEOS_DEPLOYMENT_TARGET = 11.0;
				LD_RUNPATH_SEARCH_PATHS = (
					"$(inherited)",
					"@executable_path/Frameworks",
				);
				PRODUCT_BUNDLE_IDENTIFIER = orlovartem.CustomCollectionLayout;
				PRODUCT_NAME = "$(TARGET_NAME)";
				SWIFT_VERSION = 5.0;
				TARGETED_DEVICE_FAMILY = 1;
			};
			name = Debug;
		};
		CA2D59152396D7C50065A6B7 /* Release */ = {
			isa = XCBuildConfiguration;
			buildSettings = {
				ASSETCATALOG_COMPILER_APPICON_NAME = AppIcon;
				CODE_SIGN_STYLE = Automatic;
				DEVELOPMENT_TEAM = 8TTR7A9Y64;
				FRAMEWORK_SEARCH_PATHS = (
					"$(inherited)",
					"$(PROJECT_DIR)/Carthage/Build/iOS",
				);
				INFOPLIST_FILE = CustomCollectionLayout/SupportingFiles/Info.plist;
				IPHONEOS_DEPLOYMENT_TARGET = 11.0;
				LD_RUNPATH_SEARCH_PATHS = (
					"$(inherited)",
					"@executable_path/Frameworks",
				);
				PRODUCT_BUNDLE_IDENTIFIER = orlovartem.CustomCollectionLayout;
				PRODUCT_NAME = "$(TARGET_NAME)";
				SWIFT_VERSION = 5.0;
				TARGETED_DEVICE_FAMILY = 1;
			};
			name = Release;
		};
/* End XCBuildConfiguration section */

/* Begin XCConfigurationList section */
		CA2D58FA2396D7C40065A6B7 /* Build configuration list for PBXProject "CustomCollectionLayout" */ = {
			isa = XCConfigurationList;
			buildConfigurations = (
				CA2D59112396D7C50065A6B7 /* Debug */,
				CA2D59122396D7C50065A6B7 /* Release */,
			);
			defaultConfigurationIsVisible = 0;
			defaultConfigurationName = Release;
		};
		CA2D59132396D7C50065A6B7 /* Build configuration list for PBXNativeTarget "CustomCollectionLayout" */ = {
			isa = XCConfigurationList;
			buildConfigurations = (
				CA2D59142396D7C50065A6B7 /* Debug */,
				CA2D59152396D7C50065A6B7 /* Release */,
			);
			defaultConfigurationIsVisible = 0;
			defaultConfigurationName = Release;
		};
/* End XCConfigurationList section */
	};
	rootObject = CA2D58F72396D7C40065A6B7 /* Project object */;
}
